
Microsoft Visual Studio Solution File, Format Version 12.00
# Visual Studio Version 17
VisualStudioVersion = 17.0.31919.166
MinimumVisualStudioVersion = 10.0.40219.1
Project("{FAE04EC0-301F-11D3-BF4B-00C04F79EFBC}") = "Autoservice", "Autoservice\Autoservice.csproj", "{562FF59F-B211-4DD7-8122-AE6BAA8446E8}"
EndProject
Global
	GlobalSection(SolutionConfigurationPlatforms) = preSolution
		Debug|Any CPU = Debug|Any CPU
		Release|Any CPU = Release|Any CPU
	EndGlobalSection
	GlobalSection(ProjectConfigurationPlatforms) = postSolution
		{562FF59F-B211-4DD7-8122-AE6BAA8446E8}.Debug|Any CPU.ActiveCfg = Debug|Any CPU
		{562FF59F-B211-4DD7-8122-AE6BAA8446E8}.Debug|Any CPU.Build.0 = Debug|Any CPU
		{562FF59F-B211-4DD7-8122-AE6BAA8446E8}.Release|Any CPU.ActiveCfg = Release|Any CPU
		{562FF59F-B211-4DD7-8122-AE6BAA8446E8}.Release|Any CPU.Build.0 = Release|Any CPU
	EndGlobalSection
	GlobalSection(SolutionProperties) = preSolution
		HideSolutionNode = FALSE
	EndGlobalSection
	GlobalSection(ExtensibilityGlobals) = postSolution
		SolutionGuid = {9902AB41-5219-4305-A1F9-A91730317F74}
	EndGlobalSection
EndGlobal
